
Microsoft Visual Studio Solution File, Format Version 12.00
# Visual Studio Version 16
VisualStudioVersion = 25.0.1706.0
MinimumVisualStudioVersion = 10.0.40219.1
Project("{FAE04EC0-301F-11D3-BF4B-00C04F79EFBC}") = "BingoExpTracker", "BingoExpTracker\BingoExpTracker.csproj", "{41B9566F-48F1-43A0-8B6C-1A6E6D1EC3FE}"
EndProject
Global
	GlobalSection(SolutionConfigurationPlatforms) = preSolution
		Debug|Any CPU = Debug|Any CPU
		Release|Any CPU = Release|Any CPU
	EndGlobalSection
	GlobalSection(ProjectConfigurationPlatforms) = postSolution
		{41B9566F-48F1-43A0-8B6C-1A6E6D1EC3FE}.Debug|Any CPU.ActiveCfg = Debug|Any CPU
		{41B9566F-48F1-43A0-8B6C-1A6E6D1EC3FE}.Debug|Any CPU.Build.0 = Debug|Any CPU
		{41B9566F-48F1-43A0-8B6C-1A6E6D1EC3FE}.Release|Any CPU.ActiveCfg = Release|Any CPU
		{41B9566F-48F1-43A0-8B6C-1A6E6D1EC3FE}.Release|Any CPU.Build.0 = Release|Any CPU
	EndGlobalSection
	GlobalSection(SolutionProperties) = preSolution
		HideSolutionNode = FALSE
	EndGlobalSection
	GlobalSection(ExtensibilityGlobals) = postSolution
		SolutionGuid = {F10FD680-C0BF-491C-BDA9-1BC5ADDD6CF6}
	EndGlobalSection
EndGlobal
